
Microsoft Visual Studio Solution File, Format Version 12.00
# Visual Studio 14
VisualStudioVersion = 14.0.25420.1
MinimumVisualStudioVersion = 10.0.40219.1
Project("{FAE04EC0-301F-11D3-BF4B-00C04F79EFBC}") = "RFExplorerClient", "RFExplorerClient.csproj", "{7AFA0BBB-ED41-4D40-A95B-0747F0F7FFFC}"
EndProject
Project("{FAE04EC0-301F-11D3-BF4B-00C04F79EFBC}") = "RFEClientControls", "RFEClientControls\RFEClientControls.csproj", "{293A33B6-DC0F-4B32-B32E-D5F5256F39DA}"
EndProject
Project("{FAE04EC0-301F-11D3-BF4B-00C04F79EFBC}") = "RFExplorerCommunicator", "..\RFExplorerCommunicator\RFExplorerCommunicator.csproj", "{CD17C64C-8825-41EA-8AAD-EB5B0F3E08A1}"
EndProject
Project("{FAE04EC0-301F-11D3-BF4B-00C04F79EFBC}") = "SharpGL", "SharpGLRFE\Core\SharpGL\SharpGL.csproj", "{5EF45533-E2C7-46F2-B4A3-B8F36CD406E0}"
EndProject
Project("{FAE04EC0-301F-11D3-BF4B-00C04F79EFBC}") = "SharpGL.SceneGraph", "SharpGLRFE\Core\SharpGL.SceneGraph\SharpGL.SceneGraph.csproj", "{47BCAA39-EDAD-4404-B6BD-4742B0ABB523}"
EndProject
Project("{FAE04EC0-301F-11D3-BF4B-00C04F79EFBC}") = "SharpGL.WinForms", "SharpGLRFE\Core\SharpGL.WinForms\SharpGL.WinForms.csproj", "{B2984A6D-AD1C-4BE9-94AB-BA002B338751}"
EndProject
Project("{FAE04EC0-301F-11D3-BF4B-00C04F79EFBC}") = "ZedGraph", "ZedGraphRFE\ZedGraph.csproj", "{2541686B-1673-43BF-AF89-3163945DB009}"
EndProject
Project("{2150E333-8FDC-42A3-9474-1A3956D46DE8}") = "Global files", "Global files", "{0191DB22-93D1-4251-9499-4370357F37D5}"
	ProjectSection(SolutionItems) = preProject
		..\RFE_ProductAssemblyInfo.cs = ..\RFE_ProductAssemblyInfo.cs
		..\RFE_VersionAssemblyInfo.cs = ..\RFE_VersionAssemblyInfo.cs
	EndProjectSection
EndProject
Project("{2150E333-8FDC-42A3-9474-1A3956D46DE8}") = "3rdParty", "3rdParty", "{C0F8C818-9FEC-461E-A0EA-712D2B92FD92}"
EndProject
Project("{2150E333-8FDC-42A3-9474-1A3956D46DE8}") = "Controls", "Controls", "{BA39C5A5-1A47-4012-BBD6-78DAB7C60B86}"
EndProject
Project("{FAE04EC0-301F-11D3-BF4B-00C04F79EFBC}") = "RFEWaterfallGL", "RFEWaterfallGL\RFEWaterfallGL.csproj", "{BC979A1F-8AE7-4682-B9EF-DA4B9B9BD102}"
EndProject
Global
	GlobalSection(SolutionConfigurationPlatforms) = preSolution
		Debug|x86 = Debug|x86
		Release|x86 = Release|x86
	EndGlobalSection
	GlobalSection(ProjectConfigurationPlatforms) = postSolution
		{7AFA0BBB-ED41-4D40-A95B-0747F0F7FFFC}.Debug|x86.ActiveCfg = Debug|x86
		{7AFA0BBB-ED41-4D40-A95B-0747F0F7FFFC}.Debug|x86.Build.0 = Debug|x86
		{7AFA0BBB-ED41-4D40-A95B-0747F0F7FFFC}.Release|x86.ActiveCfg = Release|x86
		{7AFA0BBB-ED41-4D40-A95B-0747F0F7FFFC}.Release|x86.Build.0 = Release|x86
		{293A33B6-DC0F-4B32-B32E-D5F5256F39DA}.Debug|x86.ActiveCfg = Debug|x86
		{293A33B6-DC0F-4B32-B32E-D5F5256F39DA}.Debug|x86.Build.0 = Debug|x86
		{293A33B6-DC0F-4B32-B32E-D5F5256F39DA}.Release|x86.ActiveCfg = Release|x86
		{293A33B6-DC0F-4B32-B32E-D5F5256F39DA}.Release|x86.Build.0 = Release|x86
		{CD17C64C-8825-41EA-8AAD-EB5B0F3E08A1}.Debug|x86.ActiveCfg = Debug|x86
		{CD17C64C-8825-41EA-8AAD-EB5B0F3E08A1}.Debug|x86.Build.0 = Debug|x86
		{CD17C64C-8825-41EA-8AAD-EB5B0F3E08A1}.Release|x86.ActiveCfg = Release|x86
		{CD17C64C-8825-41EA-8AAD-EB5B0F3E08A1}.Release|x86.Build.0 = Release|x86
		{5EF45533-E2C7-46F2-B4A3-B8F36CD406E0}.Debug|x86.ActiveCfg = Debug|x86
		{5EF45533-E2C7-46F2-B4A3-B8F36CD406E0}.Debug|x86.Build.0 = Debug|x86
		{5EF45533-E2C7-46F2-B4A3-B8F36CD406E0}.Release|x86.ActiveCfg = Release|x86
		{5EF45533-E2C7-46F2-B4A3-B8F36CD406E0}.Release|x86.Build.0 = Release|x86
		{47BCAA39-EDAD-4404-B6BD-4742B0ABB523}.Debug|x86.ActiveCfg = Debug|x86
		{47BCAA39-EDAD-4404-B6BD-4742B0ABB523}.Debug|x86.Build.0 = Debug|x86
		{47BCAA39-EDAD-4404-B6BD-4742B0ABB523}.Release|x86.ActiveCfg = Release|x86
		{47BCAA39-EDAD-4404-B6BD-4742B0ABB523}.Release|x86.Build.0 = Release|x86
		{B2984A6D-AD1C-4BE9-94AB-BA002B338751}.Debug|x86.ActiveCfg = Debug|x86
		{B2984A6D-AD1C-4BE9-94AB-BA002B338751}.Debug|x86.Build.0 = Debug|x86
		{B2984A6D-AD1C-4BE9-94AB-BA002B338751}.Release|x86.ActiveCfg = Release|x86
		{B2984A6D-AD1C-4BE9-94AB-BA002B338751}.Release|x86.Build.0 = Release|x86
		{2541686B-1673-43BF-AF89-3163945DB009}.Debug|x86.ActiveCfg = Debug|x86
		{2541686B-1673-43BF-AF89-3163945DB009}.Debug|x86.Build.0 = Debug|x86
		{2541686B-1673-43BF-AF89-3163945DB009}.Release|x86.ActiveCfg = Release|x86
		{2541686B-1673-43BF-AF89-3163945DB009}.Release|x86.Build.0 = Release|x86
		{BC979A1F-8AE7-4682-B9EF-DA4B9B9BD102}.Debug|x86.ActiveCfg = Debug|x86
		{BC979A1F-8AE7-4682-B9EF-DA4B9B9BD102}.Debug|x86.Build.0 = Debug|x86
		{BC979A1F-8AE7-4682-B9EF-DA4B9B9BD102}.Release|x86.ActiveCfg = Release|x86
		{BC979A1F-8AE7-4682-B9EF-DA4B9B9BD102}.Release|x86.Build.0 = Release|x86
	EndGlobalSection
	GlobalSection(SolutionProperties) = preSolution
		HideSolutionNode = FALSE
	EndGlobalSection
	GlobalSection(NestedProjects) = preSolution
		{293A33B6-DC0F-4B32-B32E-D5F5256F39DA} = {BA39C5A5-1A47-4012-BBD6-78DAB7C60B86}
		{CD17C64C-8825-41EA-8AAD-EB5B0F3E08A1} = {BA39C5A5-1A47-4012-BBD6-78DAB7C60B86}
		{5EF45533-E2C7-46F2-B4A3-B8F36CD406E0} = {C0F8C818-9FEC-461E-A0EA-712D2B92FD92}
		{47BCAA39-EDAD-4404-B6BD-4742B0ABB523} = {C0F8C818-9FEC-461E-A0EA-712D2B92FD92}
		{B2984A6D-AD1C-4BE9-94AB-BA002B338751} = {C0F8C818-9FEC-461E-A0EA-712D2B92FD92}
		{2541686B-1673-43BF-AF89-3163945DB009} = {C0F8C818-9FEC-461E-A0EA-712D2B92FD92}
		{BC979A1F-8AE7-4682-B9EF-DA4B9B9BD102} = {BA39C5A5-1A47-4012-BBD6-78DAB7C60B86}
	EndGlobalSection
EndGlobal
